{
  "nodes": {
    "crane": {
      "inputs": {
        "nixpkgs": [
          "nixpkgs"
        ]
      },
      "locked": {
        "lastModified": 1708794349,
        "narHash": "sha256-jX+B1VGHT0ruHHL5RwS8L21R6miBn4B6s9iVyUJsJJY=",
        "owner": "ipetkov",
        "repo": "crane",
        "rev": "2c94ff9a6fbeb9f3ea0107f28688edbe9c81deaa",
        "type": "github"
      },
      "original": {
        "owner": "ipetkov",
        "repo": "crane",
        "type": "github"
      }
    },
    "flake-compat": {
      "flake": false,
      "locked": {
        "lastModified": 1696426674,
        "narHash": "sha256-kvjfFW7WAETZlt09AgDn1MrtKzP7t90Vf7vypd3OL1U=",
        "owner": "edolstra",
        "repo": "flake-compat",
        "rev": "0f9255e01c2351cc7d116c072cb317785dd33b33",
        "type": "github"
      },
      "original": {
        "owner": "edolstra",
        "repo": "flake-compat",
        "type": "github"
      }
    },
    "flake-compat_2": {
      "flake": false,
      "locked": {
        "lastModified": 1673956053,
        "narHash": "sha256-4gtG9iQuiKITOjNQQeQIpoIB6b16fm+504Ch3sNKLd8=",
        "owner": "edolstra",
        "repo": "flake-compat",
        "rev": "35bb57c0c8d8b62bbfd284272c928ceb64ddbde9",
        "type": "github"
      },
      "original": {
        "owner": "edolstra",
        "repo": "flake-compat",
        "type": "github"
      }
    },
    "flake-utils": {
      "inputs": {
        "systems": "systems"
      },
      "locked": {
        "lastModified": 1709126324,
        "narHash": "sha256-q6EQdSeUZOG26WelxqkmR7kArjgWCdw5sfJVHPH/7j8=",
        "owner": "numtide",
        "repo": "flake-utils",
        "rev": "d465f4819400de7c8d874d50b982301f28a84605",
        "type": "github"
      },
      "original": {
        "owner": "numtide",
        "repo": "flake-utils",
        "type": "github"
      }
    },
    "libgit2": {
      "flake": false,
      "locked": {
        "lastModified": 1697646580,
        "narHash": "sha256-oX4Z3S9WtJlwvj0uH9HlYcWv+x1hqp8mhXl7HsLu2f0=",
        "owner": "libgit2",
        "repo": "libgit2",
        "rev": "45fd9ed7ae1a9b74b957ef4f337bc3c8b3df01b5",
        "type": "github"
      },
      "original": {
        "owner": "libgit2",
        "repo": "libgit2",
        "type": "github"
      }
    },
    "nix": {
      "inputs": {
        "flake-compat": "flake-compat_2",
        "libgit2": "libgit2",
        "nixpkgs": [
          "nixpkgs"
        ],
        "nixpkgs-regression": [
          "nixpkgs"
        ]
      },
      "locked": {
        "lastModified": 1708877427,
        "narHash": "sha256-HZaXsr8svGaHebME5V6IIUaPA9bPvZ9Fct9CFr+zUis=",
        "owner": "rhelmot",
        "repo": "nix",
        "rev": "5750238a8366aaf099b5f2c39f885f1fffd75f35",
        "type": "github"
      },
      "original": {
        "owner": "rhelmot",
        "ref": "freebsd-staging",
        "repo": "nix",
        "type": "github"
      }
    },
    "nixpkgs": {
      "locked": {
        "lastModified": 1709331635,
        "narHash": "sha256-i7lFNV73pWXPAUHQuTBW/LmqWKKM82aHV0SoLiVc3xQ=",
        "owner": "rhelmot",
        "repo": "nixpkgs",
        "rev": "afb8a228a66c9f55c5fdde0a93262cb4b57c9ea4",
        "type": "github"
      },
      "original": {
        "owner": "rhelmot",
        "ref": "freebsd-staging",
        "repo": "nixpkgs",
        "type": "github"
      }
    },
    "nixpkgs-stable": {
      "locked": {
        "lastModified": 1709218635,
        "narHash": "sha256-nytX/MkfqeTD4z7bMq4QRXcHxO9B3vRo9tM6fMtPFA8=",
        "owner": "NixOS",
        "repo": "nixpkgs",
        "rev": "068d4db604958d05d0b46c47f79b507d84dbc069",
        "type": "github"
      },
      "original": {
        "owner": "NixOS",
        "ref": "nixos-23.11",
        "repo": "nixpkgs",
        "type": "github"
      }
    },
    "root": {
      "inputs": {
        "crane": "crane",
        "flake-compat": "flake-compat",
        "flake-utils": "flake-utils",
        "nix": "nix",
        "nixpkgs": "nixpkgs",
        "nixpkgs-stable": "nixpkgs-stable"
      }
    },
    "systems": {
      "locked": {
        "lastModified": 1681028828,
        "narHash": "sha256-Vy1rq5AaRuLzOxct8nz4T6wlgyUR7zLU309k9mBC768=",
        "owner": "nix-systems",
        "repo": "default",
        "rev": "da67096a3b9bf56a91d16901293e51ba5b49a27e",
        "type": "github"
      },
      "original": {
        "owner": "nix-systems",
        "repo": "default",
        "type": "github"
      }
    }
  },
  "root": "root",
  "version": 7
}
